// !$*UTF8*$!
{
	archiveVersion = 1;
	classes = {
	};
	objectVersion = 77;
	objects = {

/* Begin PBXContainerItemProxy section */
		127CB0BE2CE45DFF0083D643 /* PBXContainerItemProxy */ = {
			isa = PBXContainerItemProxy;
			containerPortal = 127CB0A52CE45DFD0083D643 /* Project object */;
			proxyType = 1;
			remoteGlobalIDString = 127CB0AC2CE45DFD0083D643;
			remoteInfo = FactoryGame;
		};
		127CB0C82CE45DFF0083D643 /* PBXContainerItemProxy */ = {
			isa = PBXContainerItemProxy;
			containerPortal = 127CB0A52CE45DFD0083D643 /* Project object */;
			proxyType = 1;
			remoteGlobalIDString = 127CB0AC2CE45DFD0083D643;
			remoteInfo = FactoryGame;
		};
/* End PBXContainerItemProxy section */

/* Begin PBXFileReference section */
		127CB0AD2CE45DFD0083D643 /* FactoryGame.app */ = {isa = PBXFileReference; explicitFileType = wrapper.application; includeInIndex = 0; path = FactoryGame.app; sourceTree = BUILT_PRODUCTS_DIR; };
		127CB0BD2CE45DFF0083D643 /* FactoryGameTests.xctest */ = {isa = PBXFileReference; explicitFileType = wrapper.cfbundle; includeInIndex = 0; path = FactoryGameTests.xctest; sourceTree = BUILT_PRODUCTS_DIR; };
		127CB0C72CE45DFF0083D643 /* FactoryGameUITests.xctest */ = {isa = PBXFileReference; explicitFileType = wrapper.cfbundle; includeInIndex = 0; path = FactoryGameUITests.xctest; sourceTree = BUILT_PRODUCTS_DIR; };
/* End PBXFileReference section */

/* Begin PBXFileSystemSynchronizedRootGroup section */
		127CB0AF2CE45DFD0083D643 /* FactoryGame */ = {
			isa = PBXFileSystemSynchronizedRootGroup;
			path = FactoryGame;
			sourceTree = "<group>";
		};
		127CB0C02CE45DFF0083D643 /* FactoryGameTests */ = {
			isa = PBXFileSystemSynchronizedRootGroup;
			path = FactoryGameTests;
			sourceTree = "<group>";
		};
		127CB0CA2CE45DFF0083D643 /* FactoryGameUITests */ = {
			isa = PBXFileSystemSynchronizedRootGroup;
			path = FactoryGameUITests;
			sourceTree = "<group>";
		};
/* End PBXFileSystemSynchronizedRootGroup section */

/* Begin PBXFrameworksBuildPhase section */
		127CB0AA2CE45DFD0083D643 /* Frameworks */ = {
			isa = PBXFrameworksBuildPhase;
			buildActionMask = 2147483647;
			files = (
			);
			runOnlyForDeploymentPostprocessing = 0;
		};
		127CB0BA2CE45DFF0083D643 /* Frameworks */ = {
			isa = PBXFrameworksBuildPhase;
			buildActionMask = 2147483647;
			files = (
			);
			runOnlyForDeploymentPostprocessing = 0;
		};
		127CB0C42CE45DFF0083D643 /* Frameworks */ = {
			isa = PBXFrameworksBuildPhase;
			buildActionMask = 2147483647;
			files = (
			);
			runOnlyForDeploymentPostprocessing = 0;
		};
/* End PBXFrameworksBuildPhase section */

/* Begin PBXGroup section */
		127CB0A42CE45DFD0083D643 = {
			isa = PBXGroup;
			children = (
				127CB0AF2CE45DFD0083D643 /* FactoryGame */,
				127CB0C02CE45DFF0083D643 /* FactoryGameTests */,
				127CB0CA2CE45DFF0083D643 /* FactoryGameUITests */,
				127CB0AE2CE45DFD0083D643 /* Products */,
			);
			sourceTree = "<group>";
		};
		127CB0AE2CE45DFD0083D643 /* Products */ = {
			isa = PBXGroup;
			children = (
				127CB0AD2CE45DFD0083D643 /* FactoryGame.app */,
				127CB0BD2CE45DFF0083D643 /* FactoryGameTests.xctest */,
				127CB0C72CE45DFF0083D643 /* FactoryGameUITests.xctest */,
			);
			name = Products;
			sourceTree = "<group>";
		};
/* End PBXGroup section */

/* Begin PBXNativeTarget section */
		127CB0AC2CE45DFD0083D643 /* FactoryGame */ = {
			isa = PBXNativeTarget;
			buildConfigurationList = 127CB0D12CE45DFF0083D643 /* Build configuration list for PBXNativeTarget "FactoryGame" */;
			buildPhases = (
				127CB0A92CE45DFD0083D643 /* Sources */,
				127CB0AA2CE45DFD0083D643 /* Frameworks */,
				127CB0AB2CE45DFD0083D643 /* Resources */,
			);
			buildRules = (
			);
			dependencies = (
			);
			fileSystemSynchronizedGroups = (
				127CB0AF2CE45DFD0083D643 /* FactoryGame */,
			);
			name = FactoryGame;
			packageProductDependencies = (
			);
			productName = FactoryGame;
			productReference = 127CB0AD2CE45DFD0083D643 /* FactoryGame.app */;
			productType = "com.apple.product-type.application";
		};
		127CB0BC2CE45DFF0083D643 /* FactoryGameTests */ = {
			isa = PBXNativeTarget;
			buildConfigurationList = 127CB0D42CE45DFF0083D643 /* Build configuration list for PBXNativeTarget "FactoryGameTests" */;
			buildPhases = (
				127CB0B92CE45DFF0083D643 /* Sources */,
				127CB0BA2CE45DFF0083D643 /* Frameworks */,
				127CB0BB2CE45DFF0083D643 /* Resources */,
			);
			buildRules = (
			);
			dependencies = (
				127CB0BF2CE45DFF0083D643 /* PBXTargetDependency */,
			);
			fileSystemSynchronizedGroups = (
				127CB0C02CE45DFF0083D643 /* FactoryGameTests */,
			);
			name = FactoryGameTests;
			packageProductDependencies = (
			);
			productName = FactoryGameTests;
			productReference = 127CB0BD2CE45DFF0083D643 /* FactoryGameTests.xctest */;
			productType = "com.apple.product-type.bundle.unit-test";
		};
		127CB0C62CE45DFF0083D643 /* FactoryGameUITests */ = {
			isa = PBXNativeTarget;
			buildConfigurationList = 127CB0D72CE45DFF0083D643 /* Build configuration list for PBXNativeTarget "FactoryGameUITests" */;
			buildPhases = (
				127CB0C32CE45DFF0083D643 /* Sources */,
				127CB0C42CE45DFF0083D643 /* Frameworks */,
				127CB0C52CE45DFF0083D643 /* Resources */,
			);
			buildRules = (
			);
			dependencies = (
				127CB0C92CE45DFF0083D643 /* PBXTargetDependency */,
			);
			fileSystemSynchronizedGroups = (
				127CB0CA2CE45DFF0083D643 /* FactoryGameUITests */,
			);
			name = FactoryGameUITests;
			packageProductDependencies = (
			);
			productName = FactoryGameUITests;
			productReference = 127CB0C72CE45DFF0083D643 /* FactoryGameUITests.xctest */;
			productType = "com.apple.product-type.bundle.ui-testing";
		};
/* End PBXNativeTarget section */

/* Begin PBXProject section */
		127CB0A52CE45DFD0083D643 /* Project object */ = {
			isa = PBXProject;
			attributes = {
				BuildIndependentTargetsInParallel = 1;
				LastSwiftUpdateCheck = 1600;
				LastUpgradeCheck = 1600;
				TargetAttributes = {
					127CB0AC2CE45DFD0083D643 = {
						CreatedOnToolsVersion = 16.0;
					};
					127CB0BC2CE45DFF0083D643 = {
						CreatedOnToolsVersion = 16.0;
						TestTargetID = 127CB0AC2CE45DFD0083D643;
					};
					127CB0C62CE45DFF0083D643 = {
						CreatedOnToolsVersion = 16.0;
						TestTargetID = 127CB0AC2CE45DFD0083D643;
					};
				};
			};
			buildConfigurationList = 127CB0A82CE45DFD0083D643 /* Build configuration list for PBXProject "FactoryGame" */;
			developmentRegion = en;
			hasScannedForEncodings = 0;
			knownRegions = (
				en,
				Base,
			);
			mainGroup = 127CB0A42CE45DFD0083D643;
			minimizedProjectReferenceProxies = 1;
			preferredProjectObjectVersion = 77;
			productRefGroup = 127CB0AE2CE45DFD0083D643 /* Products */;
			projectDirPath = "";
			projectRoot = "";
			targets = (
				127CB0AC2CE45DFD0083D643 /* FactoryGame */,
				127CB0BC2CE45DFF0083D643 /* FactoryGameTests */,
				127CB0C62CE45DFF0083D643 /* FactoryGameUITests */,
			);
		};
/* End PBXProject section */

/* Begin PBXResourcesBuildPhase section */
		127CB0AB2CE45DFD0083D643 /* Resources */ = {
			isa = PBXResourcesBuildPhase;
			buildActionMask = 2147483647;
			files = (
			);
			runOnlyForDeploymentPostprocessing = 0;
		};
		127CB0BB2CE45DFF0083D643 /* Resources */ = {
			isa = PBXResourcesBuildPhase;
			buildActionMask = 2147483647;
			files = (
			);
			runOnlyForDeploymentPostprocessing = 0;
		};
		127CB0C52CE45DFF0083D643 /* Resources */ = {
			isa = PBXResourcesBuildPhase;
			buildActionMask = 2147483647;
			files = (
			);
			runOnlyForDeploymentPostprocessing = 0;
		};
/* End PBXResourcesBuildPhase section */

/* Begin PBXSourcesBuildPhase section */
		127CB0A92CE45DFD0083D643 /* Sources */ = {
			isa = PBXSourcesBuildPhase;
			buildActionMask = 2147483647;
			files = (
			);
			runOnlyForDeploymentPostprocessing = 0;
		};
		127CB0B92CE45DFF0083D643 /* Sources */ = {
			isa = PBXSourcesBuildPhase;
			buildActionMask = 2147483647;
			files = (
			);
			runOnlyForDeploymentPostprocessing = 0;
		};
		127CB0C32CE45DFF0083D643 /* Sources */ = {
			isa = PBXSourcesBuildPhase;
			buildActionMask = 2147483647;
			files = (
			);
			runOnlyForDeploymentPostprocessing = 0;
		};
/* End PBXSourcesBuildPhase section */

/* Begin PBXTargetDependency section */
		127CB0BF2CE45DFF0083D643 /* PBXTargetDependency */ = {
			isa = PBXTargetDependency;
			target = 127CB0AC2CE45DFD0083D643 /* FactoryGame */;
			targetProxy = 127CB0BE2CE45DFF0083D643 /* PBXContainerItemProxy */;
		};
		127CB0C92CE45DFF0083D643 /* PBXTargetDependency */ = {
			isa = PBXTargetDependency;
			target = 127CB0AC2CE45DFD0083D643 /* FactoryGame */;
			targetProxy = 127CB0C82CE45DFF0083D643 /* PBXContainerItemProxy */;
		};
/* End PBXTargetDependency section */

/* Begin XCBuildConfiguration section */
		127CB0CF2CE45DFF0083D643 /* Debug */ = {
			isa = XCBuildConfiguration;
			buildSettings = {
				ALWAYS_SEARCH_USER_PATHS = NO;
				ASSETCATALOG_COMPILER_GENERATE_SWIFT_ASSET_SYMBOL_EXTENSIONS = YES;
				CLANG_ANALYZER_NONNULL = YES;
				CLANG_ANALYZER_NUMBER_OBJECT_CONVERSION = YES_AGGRESSIVE;
				CLANG_CXX_LANGUAGE_STANDARD = "gnu++20";
				CLANG_ENABLE_MODULES = YES;
				CLANG_ENABLE_OBJC_ARC = YES;
				CLANG_ENABLE_OBJC_WEAK = YES;
				CLANG_WARN_BLOCK_CAPTURE_AUTORELEASING = YES;
				CLANG_WARN_BOOL_CONVERSION = YES;
				CLANG_WARN_COMMA = YES;
				CLANG_WARN_CONSTANT_CONVERSION = YES;
				CLANG_WARN_DEPRECATED_OBJC_IMPLEMENTATIONS = YES;
				CLANG_WARN_DIRECT_OBJC_ISA_USAGE = YES_ERROR;
				CLANG_WARN_DOCUMENTATION_COMMENTS = YES;
				CLANG_WARN_EMPTY_BODY = YES;
				CLANG_WARN_ENUM_CONVERSION = YES;
				CLANG_WARN_INFINITE_RECURSION = YES;
				CLANG_WARN_INT_CONVERSION = YES;
				CLANG_WARN_NON_LITERAL_NULL_CONVERSION = YES;
				CLANG_WARN_OBJC_IMPLICIT_RETAIN_SELF = YES;
				CLANG_WARN_OBJC_LITERAL_CONVERSION = YES;
				CLANG_WARN_OBJC_ROOT_CLASS = YES_ERROR;
				CLANG_WARN_QUOTED_INCLUDE_IN_FRAMEWORK_HEADER = YES;
				CLANG_WARN_RANGE_LOOP_ANALYSIS = YES;
				CLANG_WARN_STRICT_PROTOTYPES = YES;
				CLANG_WARN_SUSPICIOUS_MOVE = YES;
				CLANG_WARN_UNGUARDED_AVAILABILITY = YES_AGGRESSIVE;
				CLANG_WARN_UNREACHABLE_CODE = YES;
				CLANG_WARN__DUPLICATE_METHOD_MATCH = YES;
				COPY_PHASE_STRIP = NO;
				DEBUG_INFORMATION_FORMAT = dwarf;
				ENABLE_STRICT_OBJC_MSGSEND = YES;
				ENABLE_TESTABILITY = YES;
				ENABLE_USER_SCRIPT_SANDBOXING = YES;
				GCC_C_LANGUAGE_STANDARD = gnu17;
				GCC_DYNAMIC_NO_PIC = NO;
				GCC_NO_COMMON_BLOCKS = YES;
				GCC_OPTIMIZATION_LEVEL = 0;
				GCC_PREPROCESSOR_DEFINITIONS = (
					"DEBUG=1",
					"$(inherited)",
				);
				GCC_WARN_64_TO_32_BIT_CONVERSION = YES;
				GCC_WARN_ABOUT_RETURN_TYPE = YES_ERROR;
				GCC_WARN_UNDECLARED_SELECTOR = YES;
				GCC_WARN_UNINITIALIZED_AUTOS = YES_AGGRESSIVE;
				GCC_WARN_UNUSED_FUNCTION = YES;
				GCC_WARN_UNUSED_VARIABLE = YES;
				IPHONEOS_DEPLOYMENT_TARGET = 18.0;
				LOCALIZATION_PREFERS_STRING_CATALOGS = YES;
				MTL_ENABLE_DEBUG_INFO = INCLUDE_SOURCE;
				MTL_FAST_MATH = YES;
				ONLY_ACTIVE_ARCH = YES;
				SDKROOT = iphoneos;
				SWIFT_ACTIVE_COMPILATION_CONDITIONS = "DEBUG $(inherited)";
				SWIFT_OPTIMIZATION_LEVEL = "-Onone";
			};
			name = Debug;
		};
		127CB0D02CE45DFF0083D643 /* Release */ = {
			isa = XCBuildConfiguration;
			buildSettings = {
				ALWAYS_SEARCH_USER_PATHS = NO;
				ASSETCATALOG_COMPILER_GENERATE_SWIFT_ASSET_SYMBOL_EXTENSIONS = YES;
				CLANG_ANALYZER_NONNULL = YES;
				CLANG_ANALYZER_NUMBER_OBJECT_CONVERSION = YES_AGGRESSIVE;
				CLANG_CXX_LANGUAGE_STANDARD = "gnu++20";
				CLANG_ENABLE_MODULES = YES;
				CLANG_ENABLE_OBJC_ARC = YES;
				CLANG_ENABLE_OBJC_WEAK = YES;
				CLANG_WARN_BLOCK_CAPTURE_AUTORELEASING = YES;
				CLANG_WARN_BOOL_CONVERSION = YES;
				CLANG_WARN_COMMA = YES;
				CLANG_WARN_CONSTANT_CONVERSION = YES;
				CLANG_WARN_DEPRECATED_OBJC_IMPLEMENTATIONS = YES;
				CLANG_WARN_DIRECT_OBJC_ISA_USAGE = YES_ERROR;
				CLANG_WARN_DOCUMENTATION_COMMENTS = YES;
				CLANG_WARN_EMPTY_BODY = YES;
				CLANG_WARN_ENUM_CONVERSION = YES;
				CLANG_WARN_INFINITE_RECURSION = YES;
				CLANG_WARN_INT_CONVERSION = YES;
				CLANG_WARN_NON_LITERAL_NULL_CONVERSION = YES;
				CLANG_WARN_OBJC_IMPLICIT_RETAIN_SELF = YES;
				CLANG_WARN_OBJC_LITERAL_CONVERSION = YES;
				CLANG_WARN_OBJC_ROOT_CLASS = YES_ERROR;
				CLANG_WARN_QUOTED_INCLUDE_IN_FRAMEWORK_HEADER = YES;
				CLANG_WARN_RANGE_LOOP_ANALYSIS = YES;
				CLANG_WARN_STRICT_PROTOTYPES = YES;
				CLANG_WARN_SUSPICIOUS_MOVE = YES;
				CLANG_WARN_UNGUARDED_AVAILABILITY = YES_AGGRESSIVE;
				CLANG_WARN_UNREACHABLE_CODE = YES;
				CLANG_WARN__DUPLICATE_METHOD_MATCH = YES;
				COPY_PHASE_STRIP = NO;
				DEBUG_INFORMATION_FORMAT = "dwarf-with-dsym";
				ENABLE_NS_ASSERTIONS = NO;
				ENABLE_STRICT_OBJC_MSGSEND = YES;
				ENABLE_USER_SCRIPT_SANDBOXING = YES;
				GCC_C_LANGUAGE_STANDARD = gnu17;
				GCC_NO_COMMON_BLOCKS = YES;
				GCC_WARN_64_TO_32_BIT_CONVERSION = YES;
				GCC_WARN_ABOUT_RETURN_TYPE = YES_ERROR;
				GCC_WARN_UNDECLARED_SELECTOR = YES;
				GCC_WARN_UNINITIALIZED_AUTOS = YES_AGGRESSIVE;
				GCC_WARN_UNUSED_FUNCTION = YES;
				GCC_WARN_UNUSED_VARIABLE = YES;
				IPHONEOS_DEPLOYMENT_TARGET = 18.0;
				LOCALIZATION_PREFERS_STRING_CATALOGS = YES;
				MTL_ENABLE_DEBUG_INFO = NO;
				MTL_FAST_MATH = YES;
				SDKROOT = iphoneos;
				SWIFT_COMPILATION_MODE = wholemodule;
				VALIDATE_PRODUCT = YES;
			};
			name = Release;
		};
		127CB0D22CE45DFF0083D643 /* Debug */ = {
			isa = XCBuildConfiguration;
			buildSettings = {
				ASSETCATALOG_COMPILER_APPICON_NAME = AppIcon;
				ASSETCATALOG_COMPILER_GLOBAL_ACCENT_COLOR_NAME = AccentColor;
				CODE_SIGN_STYLE = Automatic;
				CURRENT_PROJECT_VERSION = 1;
				DEVELOPMENT_ASSET_PATHS = "\"FactoryGame/Preview Content\"";
				ENABLE_PREVIEWS = YES;
				GENERATE_INFOPLIST_FILE = YES;
				INFOPLIST_KEY_UIApplicationSceneManifest_Generation = YES;
				INFOPLIST_KEY_UIApplicationSupportsIndirectInputEvents = YES;
				INFOPLIST_KEY_UILaunchScreen_Generation = YES;
				INFOPLIST_KEY_UISupportedInterfaceOrientations_iPad = "UIInterfaceOrientationPortrait UIInterfaceOrientationPortraitUpsideDown UIInterfaceOrientationLandscapeLeft UIInterfaceOrientationLandscapeRight";
				INFOPLIST_KEY_UISupportedInterfaceOrientations_iPhone = "UIInterfaceOrientationPortrait UIInterfaceOrientationLandscapeLeft UIInterfaceOrientationLandscapeRight";
				LD_RUNPATH_SEARCH_PATHS = (
					"$(inherited)",
					"@executable_path/Frameworks",
				);
				MARKETING_VERSION = 1.0;
				PRODUCT_BUNDLE_IDENTIFIER = Tangeyo.FactoryGame;
				PRODUCT_NAME = "$(TARGET_NAME)";
				SWIFT_EMIT_LOC_STRINGS = YES;
				SWIFT_VERSION = 5.0;
				TARGETED_DEVICE_FAMILY = "1,2";
			};
			name = Debug;
		};
		127CB0D32CE45DFF0083D643 /* Release */ = {
			isa = XCBuildConfiguration;
			buildSettings = {
				ASSETCATALOG_COMPILER_APPICON_NAME = AppIcon;
				ASSETCATALOG_COMPILER_GLOBAL_ACCENT_COLOR_NAME = AccentColor;
				CODE_SIGN_STYLE = Automatic;
				CURRENT_PROJECT_VERSION = 1;
				DEVELOPMENT_ASSET_PATHS = "\"FactoryGame/Preview Content\"";
				ENABLE_PREVIEWS = YES;
				GENERATE_INFOPLIST_FILE = YES;
				INFOPLIST_KEY_UIApplicationSceneManifest_Generation = YES;
				INFOPLIST_KEY_UIApplicationSupportsIndirectInputEvents = YES;
				INFOPLIST_KEY_UILaunchScreen_Generation = YES;
				INFOPLIST_KEY_UISupportedInterfaceOrientations_iPad = "UIInterfaceOrientationPortrait UIInterfaceOrientationPortraitUpsideDown UIInterfaceOrientationLandscapeLeft UIInterfaceOrientationLandscapeRight";
				INFOPLIST_KEY_UISupportedInterfaceOrientations_iPhone = "UIInterfaceOrientationPortrait UIInterfaceOrientationLandscapeLeft UIInterfaceOrientationLandscapeRight";
				LD_RUNPATH_SEARCH_PATHS = (
					"$(inherited)",
					"@executable_path/Frameworks",
				);
				MARKETING_VERSION = 1.0;
				PRODUCT_BUNDLE_IDENTIFIER = Tangeyo.FactoryGame;
				PRODUCT_NAME = "$(TARGET_NAME)";
				SWIFT_EMIT_LOC_STRINGS = YES;
				SWIFT_VERSION = 5.0;
				TARGETED_DEVICE_FAMILY = "1,2";
			};
			name = Release;
		};
		127CB0D52CE45DFF0083D643 /* Debug */ = {
			isa = XCBuildConfiguration;
			buildSettings = {
				BUNDLE_LOADER = "$(TEST_HOST)";
				CODE_SIGN_STYLE = Automatic;
				CURRENT_PROJECT_VERSION = 1;
				GENERATE_INFOPLIST_FILE = YES;
				IPHONEOS_DEPLOYMENT_TARGET = 18.0;
				MARKETING_VERSION = 1.0;
				PRODUCT_BUNDLE_IDENTIFIER = Tangeyo.FactoryGameTests;
				PRODUCT_NAME = "$(TARGET_NAME)";
				SWIFT_EMIT_LOC_STRINGS = NO;
				SWIFT_VERSION = 5.0;
				TARGETED_DEVICE_FAMILY = "1,2";
				TEST_HOST = "$(BUILT_PRODUCTS_DIR)/FactoryGame.app/$(BUNDLE_EXECUTABLE_FOLDER_PATH)/FactoryGame";
			};
			name = Debug;
		};
		127CB0D62CE45DFF0083D643 /* Release */ = {
			isa = XCBuildConfiguration;
			buildSettings = {
				BUNDLE_LOADER = "$(TEST_HOST)";
				CODE_SIGN_STYLE = Automatic;
				CURRENT_PROJECT_VERSION = 1;
				GENERATE_INFOPLIST_FILE = YES;
				IPHONEOS_DEPLOYMENT_TARGET = 18.0;
				MARKETING_VERSION = 1.0;
				PRODUCT_BUNDLE_IDENTIFIER = Tangeyo.FactoryGameTests;
				PRODUCT_NAME = "$(TARGET_NAME)";
				SWIFT_EMIT_LOC_STRINGS = NO;
				SWIFT_VERSION = 5.0;
				TARGETED_DEVICE_FAMILY = "1,2";
				TEST_HOST = "$(BUILT_PRODUCTS_DIR)/FactoryGame.app/$(BUNDLE_EXECUTABLE_FOLDER_PATH)/FactoryGame";
			};
			name = Release;
		};
		127CB0D82CE45DFF0083D643 /* Debug */ = {
			isa = XCBuildConfiguration;
			buildSettings = {
				CODE_SIGN_STYLE = Automatic;
				CURRENT_PROJECT_VERSION = 1;
				GENERATE_INFOPLIST_FILE = YES;
				MARKETING_VERSION = 1.0;
				PRODUCT_BUNDLE_IDENTIFIER = Tangeyo.FactoryGameUITests;
				PRODUCT_NAME = "$(TARGET_NAME)";
				SWIFT_EMIT_LOC_STRINGS = NO;
				SWIFT_VERSION = 5.0;
				TARGETED_DEVICE_FAMILY = "1,2";
				TEST_TARGET_NAME = FactoryGame;
			};
			name = Debug;
		};
		127CB0D92CE45DFF0083D643 /* Release */ = {
			isa = XCBuildConfiguration;
			buildSettings = {
				CODE_SIGN_STYLE = Automatic;
				CURRENT_PROJECT_VERSION = 1;
				GENERATE_INFOPLIST_FILE = YES;
				MARKETING_VERSION = 1.0;
				PRODUCT_BUNDLE_IDENTIFIER = Tangeyo.FactoryGameUITests;
				PRODUCT_NAME = "$(TARGET_NAME)";
				SWIFT_EMIT_LOC_STRINGS = NO;
				SWIFT_VERSION = 5.0;
				TARGETED_DEVICE_FAMILY = "1,2";
				TEST_TARGET_NAME = FactoryGame;
			};
			name = Release;
		};
/* End XCBuildConfiguration section */

/* Begin XCConfigurationList section */
		127CB0A82CE45DFD0083D643 /* Build configuration list for PBXProject "FactoryGame" */ = {
			isa = XCConfigurationList;
			buildConfigurations = (
				127CB0CF2CE45DFF0083D643 /* Debug */,
				127CB0D02CE45DFF0083D643 /* Release */,
			);
			defaultConfigurationIsVisible = 0;
			defaultConfigurationName = Release;
		};
		127CB0D12CE45DFF0083D643 /* Build configuration list for PBXNativeTarget "FactoryGame" */ = {
			isa = XCConfigurationList;
			buildConfigurations = (
				127CB0D22CE45DFF0083D643 /* Debug */,
				127CB0D32CE45DFF0083D643 /* Release */,
			);
			defaultConfigurationIsVisible = 0;
			defaultConfigurationName = Release;
		};
		127CB0D42CE45DFF0083D643 /* Build configuration list for PBXNativeTarget "FactoryGameTests" */ = {
			isa = XCConfigurationList;
			buildConfigurations = (
				127CB0D52CE45DFF0083D643 /* Debug */,
				127CB0D62CE45DFF0083D643 /* Release */,
			);
			defaultConfigurationIsVisible = 0;
			defaultConfigurationName = Release;
		};
		127CB0D72CE45DFF0083D643 /* Build configuration list for PBXNativeTarget "FactoryGameUITests" */ = {
			isa = XCConfigurationList;
			buildConfigurations = (
				127CB0D82CE45DFF0083D643 /* Debug */,
				127CB0D92CE45DFF0083D643 /* Release */,
			);
			defaultConfigurationIsVisible = 0;
			defaultConfigurationName = Release;
		};
/* End XCConfigurationList section */
	};
	rootObject = 127CB0A52CE45DFD0083D643 /* Project object */;
}
